// !$*UTF8*$!
{
	archiveVersion = 1;
	classes = {
	};
	objectVersion = 56;
	objects = {

/* Begin PBXBuildFile section */
		367425632C12033600E122C9 /* AppDelegate.swift in Sources */ = {isa = PBXBuildFile; fileRef = 367425622C12033600E122C9 /* AppDelegate.swift */; };
		367425652C12033600E122C9 /* SceneDelegate.swift in Sources */ = {isa = PBXBuildFile; fileRef = 367425642C12033600E122C9 /* SceneDelegate.swift */; };
		3674256C2C12033900E122C9 /* Assets.xcassets in Resources */ = {isa = PBXBuildFile; fileRef = 3674256B2C12033900E122C9 /* Assets.xcassets */; };
		3674256F2C12033900E122C9 /* Base in Resources */ = {isa = PBXBuildFile; fileRef = 3674256E2C12033900E122C9 /* Base */; };
		3674257D2C120A7400E122C9 /* TabbarController.swift in Sources */ = {isa = PBXBuildFile; fileRef = 3674257C2C120A7400E122C9 /* TabbarController.swift */; };
		367425852C120B1C00E122C9 /* RecommendVC.swift in Sources */ = {isa = PBXBuildFile; fileRef = 367425842C120B1C00E122C9 /* RecommendVC.swift */; };
		367425872C120B2D00E122C9 /* RecommendViewModel.swift in Sources */ = {isa = PBXBuildFile; fileRef = 367425862C120B2D00E122C9 /* RecommendViewModel.swift */; };
		3674258B2C120B4300E122C9 /* ChatVC.swift in Sources */ = {isa = PBXBuildFile; fileRef = 3674258A2C120B4300E122C9 /* ChatVC.swift */; };
		3674258D2C120B5300E122C9 /* ChatViewModel.swift in Sources */ = {isa = PBXBuildFile; fileRef = 3674258C2C120B5300E122C9 /* ChatViewModel.swift */; };
		367425912C120B7200E122C9 /* TravelPlanVC.swift in Sources */ = {isa = PBXBuildFile; fileRef = 367425902C120B7200E122C9 /* TravelPlanVC.swift */; };
		367425932C120B8200E122C9 /* TravelPlanViewModel.swift in Sources */ = {isa = PBXBuildFile; fileRef = 367425922C120B8200E122C9 /* TravelPlanViewModel.swift */; };
		367425972C120BA500E122C9 /* ProfileVC.swift in Sources */ = {isa = PBXBuildFile; fileRef = 367425962C120BA500E122C9 /* ProfileVC.swift */; };
		367425992C120BAD00E122C9 /* ProfileViewModel.swift in Sources */ = {isa = PBXBuildFile; fileRef = 367425982C120BAD00E122C9 /* ProfileViewModel.swift */; };
		3674259B2C120D0B00E122C9 /* Colors.xcassets in Resources */ = {isa = PBXBuildFile; fileRef = 3674259A2C120D0B00E122C9 /* Colors.xcassets */; };
		367425A62C120FFA00E122C9 /* Pretendard-Thin.otf in Resources */ = {isa = PBXBuildFile; fileRef = 3674259D2C120FFA00E122C9 /* Pretendard-Thin.otf */; };
		367425A72C120FFA00E122C9 /* Pretendard-Bold.otf in Resources */ = {isa = PBXBuildFile; fileRef = 3674259E2C120FFA00E122C9 /* Pretendard-Bold.otf */; };
		367425A82C120FFA00E122C9 /* Pretendard-Black.otf in Resources */ = {isa = PBXBuildFile; fileRef = 3674259F2C120FFA00E122C9 /* Pretendard-Black.otf */; };
		367425A92C120FFA00E122C9 /* Pretendard-ExtraBold.otf in Resources */ = {isa = PBXBuildFile; fileRef = 367425A02C120FFA00E122C9 /* Pretendard-ExtraBold.otf */; };
		367425AA2C120FFA00E122C9 /* Pretendard-ExtraLight.otf in Resources */ = {isa = PBXBuildFile; fileRef = 367425A12C120FFA00E122C9 /* Pretendard-ExtraLight.otf */; };
		367425AB2C120FFA00E122C9 /* Pretendard-Regular.otf in Resources */ = {isa = PBXBuildFile; fileRef = 367425A22C120FFA00E122C9 /* Pretendard-Regular.otf */; };
		367425AC2C120FFA00E122C9 /* Pretendard-Medium.otf in Resources */ = {isa = PBXBuildFile; fileRef = 367425A32C120FFA00E122C9 /* Pretendard-Medium.otf */; };
		367425AD2C120FFA00E122C9 /* Pretendard-Light.otf in Resources */ = {isa = PBXBuildFile; fileRef = 367425A42C120FFA00E122C9 /* Pretendard-Light.otf */; };
		367425AE2C120FFA00E122C9 /* Pretendard-SemiBold.otf in Resources */ = {isa = PBXBuildFile; fileRef = 367425A52C120FFA00E122C9 /* Pretendard-SemiBold.otf */; };
		367425B12C12143900E122C9 /* UIFont+.swift in Sources */ = {isa = PBXBuildFile; fileRef = 367425B02C12143900E122C9 /* UIFont+.swift */; };
		367425B42C12163600E122C9 /* UIWindow+.swift in Sources */ = {isa = PBXBuildFile; fileRef = 367425B32C12163600E122C9 /* UIWindow+.swift */; };
		367425B72C1216B300E122C9 /* AppConstants.swift in Sources */ = {isa = PBXBuildFile; fileRef = 367425B62C1216B300E122C9 /* AppConstants.swift */; };
		367425BA2C12173C00E122C9 /* TabbarType.swift in Sources */ = {isa = PBXBuildFile; fileRef = 367425B92C12173C00E122C9 /* TabbarType.swift */; };
		367425BC2C121B4300E122C9 /* Pretendard.swift in Sources */ = {isa = PBXBuildFile; fileRef = 367425BB2C121B4300E122C9 /* Pretendard.swift */; };
		367425BF2C12249300E122C9 /* SnapKit in Frameworks */ = {isa = PBXBuildFile; productRef = 367425BE2C12249300E122C9 /* SnapKit */; };
		367425C42C12249B00E122C9 /* Then in Frameworks */ = {isa = PBXBuildFile; productRef = 367425C32C12249B00E122C9 /* Then */; };
		367425C72C1224B500E122C9 /* Kingfisher in Frameworks */ = {isa = PBXBuildFile; productRef = 367425C62C1224B500E122C9 /* Kingfisher */; };
		367425CB2C12251E00E122C9 /* RxBlocking in Frameworks */ = {isa = PBXBuildFile; productRef = 367425CA2C12251E00E122C9 /* RxBlocking */; };
		367425CD2C12251E00E122C9 /* RxCocoa in Frameworks */ = {isa = PBXBuildFile; productRef = 367425CC2C12251E00E122C9 /* RxCocoa */; };
		367425CF2C12251E00E122C9 /* RxRelay in Frameworks */ = {isa = PBXBuildFile; productRef = 367425CE2C12251E00E122C9 /* RxRelay */; };
		367425D12C12251E00E122C9 /* RxSwift in Frameworks */ = {isa = PBXBuildFile; productRef = 367425D02C12251E00E122C9 /* RxSwift */; };
/* End PBXBuildFile section */

/* Begin PBXFileReference section */
		3674255F2C12033600E122C9 /* TalkTravel.app */ = {isa = PBXFileReference; explicitFileType = wrapper.application; includeInIndex = 0; path = TalkTravel.app; sourceTree = BUILT_PRODUCTS_DIR; };
		367425622C12033600E122C9 /* AppDelegate.swift */ = {isa = PBXFileReference; lastKnownFileType = sourcecode.swift; path = AppDelegate.swift; sourceTree = "<group>"; };
		367425642C12033600E122C9 /* SceneDelegate.swift */ = {isa = PBXFileReference; lastKnownFileType = sourcecode.swift; path = SceneDelegate.swift; sourceTree = "<group>"; };
		3674256B2C12033900E122C9 /* Assets.xcassets */ = {isa = PBXFileReference; lastKnownFileType = folder.assetcatalog; path = Assets.xcassets; sourceTree = "<group>"; };
		3674256E2C12033900E122C9 /* Base */ = {isa = PBXFileReference; lastKnownFileType = file.storyboard; name = Base; path = Base.lproj/LaunchScreen.storyboard; sourceTree = "<group>"; };
		367425702C12033900E122C9 /* Info.plist */ = {isa = PBXFileReference; lastKnownFileType = text.plist.xml; path = Info.plist; sourceTree = "<group>"; };
		3674257C2C120A7400E122C9 /* TabbarController.swift */ = {isa = PBXFileReference; lastKnownFileType = sourcecode.swift; path = TabbarController.swift; sourceTree = "<group>"; };
		367425842C120B1C00E122C9 /* RecommendVC.swift */ = {isa = PBXFileReference; lastKnownFileType = sourcecode.swift; path = RecommendVC.swift; sourceTree = "<group>"; };
		367425862C120B2D00E122C9 /* RecommendViewModel.swift */ = {isa = PBXFileReference; lastKnownFileType = sourcecode.swift; path = RecommendViewModel.swift; sourceTree = "<group>"; };
		3674258A2C120B4300E122C9 /* ChatVC.swift */ = {isa = PBXFileReference; lastKnownFileType = sourcecode.swift; path = ChatVC.swift; sourceTree = "<group>"; };
		3674258C2C120B5300E122C9 /* ChatViewModel.swift */ = {isa = PBXFileReference; lastKnownFileType = sourcecode.swift; path = ChatViewModel.swift; sourceTree = "<group>"; };
		367425902C120B7200E122C9 /* TravelPlanVC.swift */ = {isa = PBXFileReference; lastKnownFileType = sourcecode.swift; path = TravelPlanVC.swift; sourceTree = "<group>"; };
		367425922C120B8200E122C9 /* TravelPlanViewModel.swift */ = {isa = PBXFileReference; lastKnownFileType = sourcecode.swift; path = TravelPlanViewModel.swift; sourceTree = "<group>"; };
		367425962C120BA500E122C9 /* ProfileVC.swift */ = {isa = PBXFileReference; lastKnownFileType = sourcecode.swift; path = ProfileVC.swift; sourceTree = "<group>"; };
		367425982C120BAD00E122C9 /* ProfileViewModel.swift */ = {isa = PBXFileReference; lastKnownFileType = sourcecode.swift; path = ProfileViewModel.swift; sourceTree = "<group>"; };
		3674259A2C120D0B00E122C9 /* Colors.xcassets */ = {isa = PBXFileReference; lastKnownFileType = folder.assetcatalog; path = Colors.xcassets; sourceTree = "<group>"; };
		3674259D2C120FFA00E122C9 /* Pretendard-Thin.otf */ = {isa = PBXFileReference; lastKnownFileType = file; path = "Pretendard-Thin.otf"; sourceTree = "<group>"; };
		3674259E2C120FFA00E122C9 /* Pretendard-Bold.otf */ = {isa = PBXFileReference; lastKnownFileType = file; path = "Pretendard-Bold.otf"; sourceTree = "<group>"; };
		3674259F2C120FFA00E122C9 /* Pretendard-Black.otf */ = {isa = PBXFileReference; lastKnownFileType = file; path = "Pretendard-Black.otf"; sourceTree = "<group>"; };
		367425A02C120FFA00E122C9 /* Pretendard-ExtraBold.otf */ = {isa = PBXFileReference; lastKnownFileType = file; path = "Pretendard-ExtraBold.otf"; sourceTree = "<group>"; };
		367425A12C120FFA00E122C9 /* Pretendard-ExtraLight.otf */ = {isa = PBXFileReference; lastKnownFileType = file; path = "Pretendard-ExtraLight.otf"; sourceTree = "<group>"; };
		367425A22C120FFA00E122C9 /* Pretendard-Regular.otf */ = {isa = PBXFileReference; lastKnownFileType = file; path = "Pretendard-Regular.otf"; sourceTree = "<group>"; };
		367425A32C120FFA00E122C9 /* Pretendard-Medium.otf */ = {isa = PBXFileReference; lastKnownFileType = file; path = "Pretendard-Medium.otf"; sourceTree = "<group>"; };
		367425A42C120FFA00E122C9 /* Pretendard-Light.otf */ = {isa = PBXFileReference; lastKnownFileType = file; path = "Pretendard-Light.otf"; sourceTree = "<group>"; };
		367425A52C120FFA00E122C9 /* Pretendard-SemiBold.otf */ = {isa = PBXFileReference; lastKnownFileType = file; path = "Pretendard-SemiBold.otf"; sourceTree = "<group>"; };
		367425B02C12143900E122C9 /* UIFont+.swift */ = {isa = PBXFileReference; lastKnownFileType = sourcecode.swift; path = "UIFont+.swift"; sourceTree = "<group>"; };
		367425B32C12163600E122C9 /* UIWindow+.swift */ = {isa = PBXFileReference; lastKnownFileType = sourcecode.swift; path = "UIWindow+.swift"; sourceTree = "<group>"; };
		367425B62C1216B300E122C9 /* AppConstants.swift */ = {isa = PBXFileReference; lastKnownFileType = sourcecode.swift; path = AppConstants.swift; sourceTree = "<group>"; };
		367425B92C12173C00E122C9 /* TabbarType.swift */ = {isa = PBXFileReference; lastKnownFileType = sourcecode.swift; path = TabbarType.swift; sourceTree = "<group>"; };
		367425BB2C121B4300E122C9 /* Pretendard.swift */ = {isa = PBXFileReference; lastKnownFileType = sourcecode.swift; path = Pretendard.swift; sourceTree = "<group>"; };
/* End PBXFileReference section */

/* Begin PBXFrameworksBuildPhase section */
		3674255C2C12033600E122C9 /* Frameworks */ = {
			isa = PBXFrameworksBuildPhase;
			buildActionMask = 2147483647;
			files = (
				367425CF2C12251E00E122C9 /* RxRelay in Frameworks */,
				367425C72C1224B500E122C9 /* Kingfisher in Frameworks */,
				367425CB2C12251E00E122C9 /* RxBlocking in Frameworks */,
				367425CD2C12251E00E122C9 /* RxCocoa in Frameworks */,
				367425BF2C12249300E122C9 /* SnapKit in Frameworks */,
				367425C42C12249B00E122C9 /* Then in Frameworks */,
				367425D12C12251E00E122C9 /* RxSwift in Frameworks */,
			);
			runOnlyForDeploymentPostprocessing = 0;
		};
/* End PBXFrameworksBuildPhase section */

/* Begin PBXGroup section */
		367425562C12033600E122C9 = {
			isa = PBXGroup;
			children = (
				367425612C12033600E122C9 /* TalkTravel */,
				367425602C12033600E122C9 /* Products */,
				367425C92C12251E00E122C9 /* Frameworks */,
			);
			sourceTree = "<group>";
		};
		367425602C12033600E122C9 /* Products */ = {
			isa = PBXGroup;
			children = (
				3674255F2C12033600E122C9 /* TalkTravel.app */,
			);
			name = Products;
			sourceTree = "<group>";
		};
		367425612C12033600E122C9 /* TalkTravel */ = {
			isa = PBXGroup;
			children = (
				367425772C12034600E122C9 /* Resource */,
				367425762C12033E00E122C9 /* Source */,
				367425702C12033900E122C9 /* Info.plist */,
			);
			path = TalkTravel;
			sourceTree = "<group>";
		};
		367425762C12033E00E122C9 /* Source */ = {
			isa = PBXGroup;
			children = (
				367425B52C1216A700E122C9 /* Constants */,
				367425AF2C12139B00E122C9 /* Extension */,
				367425792C12065300E122C9 /* Present */,
				367425782C12062900E122C9 /* Supports */,
			);
			path = Source;
			sourceTree = "<group>";
		};
		367425772C12034600E122C9 /* Resource */ = {
			isa = PBXGroup;
			children = (
				3674259C2C120FDC00E122C9 /* Fonts */,
				3674256B2C12033900E122C9 /* Assets.xcassets */,
				3674256D2C12033900E122C9 /* LaunchScreen.storyboard */,
				3674259A2C120D0B00E122C9 /* Colors.xcassets */,
			);
			path = Resource;
			sourceTree = "<group>";
		};
		367425782C12062900E122C9 /* Supports */ = {
			isa = PBXGroup;
			children = (
				367425642C12033600E122C9 /* SceneDelegate.swift */,
				367425622C12033600E122C9 /* AppDelegate.swift */,
			);
			path = Supports;
			sourceTree = "<group>";
		};
		367425792C12065300E122C9 /* Present */ = {
			isa = PBXGroup;
			children = (
				367425812C120AFC00E122C9 /* Profile */,
				367425802C120ADF00E122C9 /* TravelPlan */,
				3674257F2C120AD700E122C9 /* Chat */,
				3674257E2C120ACD00E122C9 /* Recommend */,
				3674257A2C12065B00E122C9 /* Tabbar */,
			);
			path = Present;
			sourceTree = "<group>";
		};
		3674257A2C12065B00E122C9 /* Tabbar */ = {
			isa = PBXGroup;
			children = (
				367425B82C12173200E122C9 /* Type */,
				3674257B2C120A5C00E122C9 /* Controller */,
			);
			path = Tabbar;
			sourceTree = "<group>";
		};
		3674257B2C120A5C00E122C9 /* Controller */ = {
			isa = PBXGroup;
			children = (
				3674257C2C120A7400E122C9 /* TabbarController.swift */,
			);
			path = Controller;
			sourceTree = "<group>";
		};
		3674257E2C120ACD00E122C9 /* Recommend */ = {
			isa = PBXGroup;
			children = (
				367425832C120B0B00E122C9 /* ViewModel */,
				367425822C120B0500E122C9 /* VC */,
			);
			path = Recommend;
			sourceTree = "<group>";
		};
		3674257F2C120AD700E122C9 /* Chat */ = {
			isa = PBXGroup;
			children = (
				367425892C120B3600E122C9 /* ViewModel */,
				367425882C120B3400E122C9 /* VC */,
			);
			path = Chat;
			sourceTree = "<group>";
		};
		367425802C120ADF00E122C9 /* TravelPlan */ = {
			isa = PBXGroup;
			children = (
				3674258F2C120B5900E122C9 /* ViewModel */,
				3674258E2C120B5600E122C9 /* VC */,
			);
			path = TravelPlan;
			sourceTree = "<group>";
		};
		367425812C120AFC00E122C9 /* Profile */ = {
			isa = PBXGroup;
			children = (
				367425952C120B8800E122C9 /* ViewModel */,
				367425942C120B8600E122C9 /* VC */,
			);
			path = Profile;
			sourceTree = "<group>";
		};
		367425822C120B0500E122C9 /* VC */ = {
			isa = PBXGroup;
			children = (
				367425842C120B1C00E122C9 /* RecommendVC.swift */,
			);
			path = VC;
			sourceTree = "<group>";
		};
		367425832C120B0B00E122C9 /* ViewModel */ = {
			isa = PBXGroup;
			children = (
				367425862C120B2D00E122C9 /* RecommendViewModel.swift */,
			);
			path = ViewModel;
			sourceTree = "<group>";
		};
		367425882C120B3400E122C9 /* VC */ = {
			isa = PBXGroup;
			children = (
				3674258A2C120B4300E122C9 /* ChatVC.swift */,
			);
			path = VC;
			sourceTree = "<group>";
		};
		367425892C120B3600E122C9 /* ViewModel */ = {
			isa = PBXGroup;
			children = (
				3674258C2C120B5300E122C9 /* ChatViewModel.swift */,
			);
			path = ViewModel;
			sourceTree = "<group>";
		};
		3674258E2C120B5600E122C9 /* VC */ = {
			isa = PBXGroup;
			children = (
				367425902C120B7200E122C9 /* TravelPlanVC.swift */,
			);
			path = VC;
			sourceTree = "<group>";
		};
		3674258F2C120B5900E122C9 /* ViewModel */ = {
			isa = PBXGroup;
			children = (
				367425922C120B8200E122C9 /* TravelPlanViewModel.swift */,
			);
			path = ViewModel;
			sourceTree = "<group>";
		};
		367425942C120B8600E122C9 /* VC */ = {
			isa = PBXGroup;
			children = (
				367425962C120BA500E122C9 /* ProfileVC.swift */,
			);
			path = VC;
			sourceTree = "<group>";
		};
		367425952C120B8800E122C9 /* ViewModel */ = {
			isa = PBXGroup;
			children = (
				367425982C120BAD00E122C9 /* ProfileViewModel.swift */,
			);
			path = ViewModel;
			sourceTree = "<group>";
		};
		3674259C2C120FDC00E122C9 /* Fonts */ = {
			isa = PBXGroup;
			children = (
				3674259F2C120FFA00E122C9 /* Pretendard-Black.otf */,
				3674259E2C120FFA00E122C9 /* Pretendard-Bold.otf */,
				367425A02C120FFA00E122C9 /* Pretendard-ExtraBold.otf */,
				367425A12C120FFA00E122C9 /* Pretendard-ExtraLight.otf */,
				367425A42C120FFA00E122C9 /* Pretendard-Light.otf */,
				367425A32C120FFA00E122C9 /* Pretendard-Medium.otf */,
				367425A22C120FFA00E122C9 /* Pretendard-Regular.otf */,
				367425A52C120FFA00E122C9 /* Pretendard-SemiBold.otf */,
				3674259D2C120FFA00E122C9 /* Pretendard-Thin.otf */,
				367425BB2C121B4300E122C9 /* Pretendard.swift */,
			);
			path = Fonts;
			sourceTree = "<group>";
		};
		367425AF2C12139B00E122C9 /* Extension */ = {
			isa = PBXGroup;
			children = (
				367425B02C12143900E122C9 /* UIFont+.swift */,
				367425B32C12163600E122C9 /* UIWindow+.swift */,
			);
			path = Extension;
			sourceTree = "<group>";
		};
		367425B52C1216A700E122C9 /* Constants */ = {
			isa = PBXGroup;
			children = (
				367425B62C1216B300E122C9 /* AppConstants.swift */,
			);
			path = Constants;
			sourceTree = "<group>";
		};
		367425B82C12173200E122C9 /* Type */ = {
			isa = PBXGroup;
			children = (
				367425B92C12173C00E122C9 /* TabbarType.swift */,
			);
			path = Type;
			sourceTree = "<group>";
		};
		367425C92C12251E00E122C9 /* Frameworks */ = {
			isa = PBXGroup;
			children = (
			);
			name = Frameworks;
			sourceTree = "<group>";
		};
/* End PBXGroup section */

/* Begin PBXNativeTarget section */
		3674255E2C12033600E122C9 /* TalkTravel */ = {
			isa = PBXNativeTarget;
			buildConfigurationList = 367425732C12033900E122C9 /* Build configuration list for PBXNativeTarget "TalkTravel" */;
			buildPhases = (
				3674255B2C12033600E122C9 /* Sources */,
				3674255C2C12033600E122C9 /* Frameworks */,
				3674255D2C12033600E122C9 /* Resources */,
			);
			buildRules = (
			);
			dependencies = (
			);
			name = TalkTravel;
			packageProductDependencies = (
				367425BE2C12249300E122C9 /* SnapKit */,
				367425C32C12249B00E122C9 /* Then */,
				367425C62C1224B500E122C9 /* Kingfisher */,
				367425CA2C12251E00E122C9 /* RxBlocking */,
				367425CC2C12251E00E122C9 /* RxCocoa */,
				367425CE2C12251E00E122C9 /* RxRelay */,
				367425D02C12251E00E122C9 /* RxSwift */,
			);
			productName = TalkTravel;
			productReference = 3674255F2C12033600E122C9 /* TalkTravel.app */;
			productType = "com.apple.product-type.application";
		};
/* End PBXNativeTarget section */

/* Begin PBXProject section */
		367425572C12033600E122C9 /* Project object */ = {
			isa = PBXProject;
			attributes = {
				BuildIndependentTargetsInParallel = 1;
				LastSwiftUpdateCheck = 1540;
				LastUpgradeCheck = 1540;
				TargetAttributes = {
					3674255E2C12033600E122C9 = {
						CreatedOnToolsVersion = 15.4;
					};
				};
			};
			buildConfigurationList = 3674255A2C12033600E122C9 /* Build configuration list for PBXProject "TalkTravel" */;
			compatibilityVersion = "Xcode 14.0";
			developmentRegion = en;
			hasScannedForEncodings = 0;
			knownRegions = (
				en,
				Base,
			);
			mainGroup = 367425562C12033600E122C9;
			packageReferences = (
				367425BD2C12249300E122C9 /* XCRemoteSwiftPackageReference "SnapKit" */,
				367425C22C12249B00E122C9 /* XCRemoteSwiftPackageReference "Then" */,
				367425C52C1224B500E122C9 /* XCRemoteSwiftPackageReference "Kingfisher" */,
				367425C82C12250400E122C9 /* XCRemoteSwiftPackageReference "RxSwift" */,
			);
			productRefGroup = 367425602C12033600E122C9 /* Products */;
			projectDirPath = "";
			projectRoot = "";
			targets = (
				3674255E2C12033600E122C9 /* TalkTravel */,
			);
		};
/* End PBXProject section */

/* Begin PBXResourcesBuildPhase section */
		3674255D2C12033600E122C9 /* Resources */ = {
			isa = PBXResourcesBuildPhase;
			buildActionMask = 2147483647;
			files = (
				3674259B2C120D0B00E122C9 /* Colors.xcassets in Resources */,
				367425AC2C120FFA00E122C9 /* Pretendard-Medium.otf in Resources */,
				367425A72C120FFA00E122C9 /* Pretendard-Bold.otf in Resources */,
				367425AE2C120FFA00E122C9 /* Pretendard-SemiBold.otf in Resources */,
				367425AA2C120FFA00E122C9 /* Pretendard-ExtraLight.otf in Resources */,
				367425A92C120FFA00E122C9 /* Pretendard-ExtraBold.otf in Resources */,
				367425AD2C120FFA00E122C9 /* Pretendard-Light.otf in Resources */,
				367425AB2C120FFA00E122C9 /* Pretendard-Regular.otf in Resources */,
				3674256C2C12033900E122C9 /* Assets.xcassets in Resources */,
				3674256F2C12033900E122C9 /* Base in Resources */,
				367425A82C120FFA00E122C9 /* Pretendard-Black.otf in Resources */,
				367425A62C120FFA00E122C9 /* Pretendard-Thin.otf in Resources */,
			);
			runOnlyForDeploymentPostprocessing = 0;
		};
/* End PBXResourcesBuildPhase section */

/* Begin PBXSourcesBuildPhase section */
		3674255B2C12033600E122C9 /* Sources */ = {
			isa = PBXSourcesBuildPhase;
			buildActionMask = 2147483647;
			files = (
				367425972C120BA500E122C9 /* ProfileVC.swift in Sources */,
				3674258B2C120B4300E122C9 /* ChatVC.swift in Sources */,
				3674258D2C120B5300E122C9 /* ChatViewModel.swift in Sources */,
				367425632C12033600E122C9 /* AppDelegate.swift in Sources */,
				367425B12C12143900E122C9 /* UIFont+.swift in Sources */,
				367425BC2C121B4300E122C9 /* Pretendard.swift in Sources */,
				3674257D2C120A7400E122C9 /* TabbarController.swift in Sources */,
				367425652C12033600E122C9 /* SceneDelegate.swift in Sources */,
				367425932C120B8200E122C9 /* TravelPlanViewModel.swift in Sources */,
				367425992C120BAD00E122C9 /* ProfileViewModel.swift in Sources */,
				367425872C120B2D00E122C9 /* RecommendViewModel.swift in Sources */,
				367425BA2C12173C00E122C9 /* TabbarType.swift in Sources */,
				367425852C120B1C00E122C9 /* RecommendVC.swift in Sources */,
				367425B72C1216B300E122C9 /* AppConstants.swift in Sources */,
				367425B42C12163600E122C9 /* UIWindow+.swift in Sources */,
				367425912C120B7200E122C9 /* TravelPlanVC.swift in Sources */,
			);
			runOnlyForDeploymentPostprocessing = 0;
		};
/* End PBXSourcesBuildPhase section */

/* Begin PBXVariantGroup section */
		3674256D2C12033900E122C9 /* LaunchScreen.storyboard */ = {
			isa = PBXVariantGroup;
			children = (
				3674256E2C12033900E122C9 /* Base */,
			);
			name = LaunchScreen.storyboard;
			sourceTree = "<group>";
		};
/* End PBXVariantGroup section */

/* Begin XCBuildConfiguration section */
		367425712C12033900E122C9 /* Debug */ = {
			isa = XCBuildConfiguration;
			buildSettings = {
				ALWAYS_SEARCH_USER_PATHS = NO;
				ASSETCATALOG_COMPILER_GENERATE_SWIFT_ASSET_SYMBOL_EXTENSIONS = YES;
				CLANG_ANALYZER_NONNULL = YES;
				CLANG_ANALYZER_NUMBER_OBJECT_CONVERSION = YES_AGGRESSIVE;
				CLANG_CXX_LANGUAGE_STANDARD = "gnu++20";
				CLANG_ENABLE_MODULES = YES;
				CLANG_ENABLE_OBJC_ARC = YES;
				CLANG_ENABLE_OBJC_WEAK = YES;
				CLANG_WARN_BLOCK_CAPTURE_AUTORELEASING = YES;
				CLANG_WARN_BOOL_CONVERSION = YES;
				CLANG_WARN_COMMA = YES;
				CLANG_WARN_CONSTANT_CONVERSION = YES;
				CLANG_WARN_DEPRECATED_OBJC_IMPLEMENTATIONS = YES;
				CLANG_WARN_DIRECT_OBJC_ISA_USAGE = YES_ERROR;
				CLANG_WARN_DOCUMENTATION_COMMENTS = YES;
				CLANG_WARN_EMPTY_BODY = YES;
				CLANG_WARN_ENUM_CONVERSION = YES;
				CLANG_WARN_INFINITE_RECURSION = YES;
				CLANG_WARN_INT_CONVERSION = YES;
				CLANG_WARN_NON_LITERAL_NULL_CONVERSION = YES;
				CLANG_WARN_OBJC_IMPLICIT_RETAIN_SELF = YES;
				CLANG_WARN_OBJC_LITERAL_CONVERSION = YES;
				CLANG_WARN_OBJC_ROOT_CLASS = YES_ERROR;
				CLANG_WARN_QUOTED_INCLUDE_IN_FRAMEWORK_HEADER = YES;
				CLANG_WARN_RANGE_LOOP_ANALYSIS = YES;
				CLANG_WARN_STRICT_PROTOTYPES = YES;
				CLANG_WARN_SUSPICIOUS_MOVE = YES;
				CLANG_WARN_UNGUARDED_AVAILABILITY = YES_AGGRESSIVE;
				CLANG_WARN_UNREACHABLE_CODE = YES;
				CLANG_WARN__DUPLICATE_METHOD_MATCH = YES;
				COPY_PHASE_STRIP = NO;
				DEBUG_INFORMATION_FORMAT = dwarf;
				ENABLE_STRICT_OBJC_MSGSEND = YES;
				ENABLE_TESTABILITY = YES;
				ENABLE_USER_SCRIPT_SANDBOXING = YES;
				GCC_C_LANGUAGE_STANDARD = gnu17;
				GCC_DYNAMIC_NO_PIC = NO;
				GCC_NO_COMMON_BLOCKS = YES;
				GCC_OPTIMIZATION_LEVEL = 0;
				GCC_PREPROCESSOR_DEFINITIONS = (
					"DEBUG=1",
					"$(inherited)",
				);
				GCC_WARN_64_TO_32_BIT_CONVERSION = YES;
				GCC_WARN_ABOUT_RETURN_TYPE = YES_ERROR;
				GCC_WARN_UNDECLARED_SELECTOR = YES;
				GCC_WARN_UNINITIALIZED_AUTOS = YES_AGGRESSIVE;
				GCC_WARN_UNUSED_FUNCTION = YES;
				GCC_WARN_UNUSED_VARIABLE = YES;
				IPHONEOS_DEPLOYMENT_TARGET = 17.5;
				LOCALIZATION_PREFERS_STRING_CATALOGS = YES;
				MTL_ENABLE_DEBUG_INFO = INCLUDE_SOURCE;
				MTL_FAST_MATH = YES;
				ONLY_ACTIVE_ARCH = YES;
				SDKROOT = iphoneos;
				SWIFT_ACTIVE_COMPILATION_CONDITIONS = "DEBUG $(inherited)";
				SWIFT_OPTIMIZATION_LEVEL = "-Onone";
			};
			name = Debug;
		};
		367425722C12033900E122C9 /* Release */ = {
			isa = XCBuildConfiguration;
			buildSettings = {
				ALWAYS_SEARCH_USER_PATHS = NO;
				ASSETCATALOG_COMPILER_GENERATE_SWIFT_ASSET_SYMBOL_EXTENSIONS = YES;
				CLANG_ANALYZER_NONNULL = YES;
				CLANG_ANALYZER_NUMBER_OBJECT_CONVERSION = YES_AGGRESSIVE;
				CLANG_CXX_LANGUAGE_STANDARD = "gnu++20";
				CLANG_ENABLE_MODULES = YES;
				CLANG_ENABLE_OBJC_ARC = YES;
				CLANG_ENABLE_OBJC_WEAK = YES;
				CLANG_WARN_BLOCK_CAPTURE_AUTORELEASING = YES;
				CLANG_WARN_BOOL_CONVERSION = YES;
				CLANG_WARN_COMMA = YES;
				CLANG_WARN_CONSTANT_CONVERSION = YES;
				CLANG_WARN_DEPRECATED_OBJC_IMPLEMENTATIONS = YES;
				CLANG_WARN_DIRECT_OBJC_ISA_USAGE = YES_ERROR;
				CLANG_WARN_DOCUMENTATION_COMMENTS = YES;
				CLANG_WARN_EMPTY_BODY = YES;
				CLANG_WARN_ENUM_CONVERSION = YES;
				CLANG_WARN_INFINITE_RECURSION = YES;
				CLANG_WARN_INT_CONVERSION = YES;
				CLANG_WARN_NON_LITERAL_NULL_CONVERSION = YES;
				CLANG_WARN_OBJC_IMPLICIT_RETAIN_SELF = YES;
				CLANG_WARN_OBJC_LITERAL_CONVERSION = YES;
				CLANG_WARN_OBJC_ROOT_CLASS = YES_ERROR;
				CLANG_WARN_QUOTED_INCLUDE_IN_FRAMEWORK_HEADER = YES;
				CLANG_WARN_RANGE_LOOP_ANALYSIS = YES;
				CLANG_WARN_STRICT_PROTOTYPES = YES;
				CLANG_WARN_SUSPICIOUS_MOVE = YES;
				CLANG_WARN_UNGUARDED_AVAILABILITY = YES_AGGRESSIVE;
				CLANG_WARN_UNREACHABLE_CODE = YES;
				CLANG_WARN__DUPLICATE_METHOD_MATCH = YES;
				COPY_PHASE_STRIP = NO;
				DEBUG_INFORMATION_FORMAT = "dwarf-with-dsym";
				ENABLE_NS_ASSERTIONS = NO;
				ENABLE_STRICT_OBJC_MSGSEND = YES;
				ENABLE_USER_SCRIPT_SANDBOXING = YES;
				GCC_C_LANGUAGE_STANDARD = gnu17;
				GCC_NO_COMMON_BLOCKS = YES;
				GCC_WARN_64_TO_32_BIT_CONVERSION = YES;
				GCC_WARN_ABOUT_RETURN_TYPE = YES_ERROR;
				GCC_WARN_UNDECLARED_SELECTOR = YES;
				GCC_WARN_UNINITIALIZED_AUTOS = YES_AGGRESSIVE;
				GCC_WARN_UNUSED_FUNCTION = YES;
				GCC_WARN_UNUSED_VARIABLE = YES;
				IPHONEOS_DEPLOYMENT_TARGET = 17.5;
				LOCALIZATION_PREFERS_STRING_CATALOGS = YES;
				MTL_ENABLE_DEBUG_INFO = NO;
				MTL_FAST_MATH = YES;
				SDKROOT = iphoneos;
				SWIFT_COMPILATION_MODE = wholemodule;
				VALIDATE_PRODUCT = YES;
			};
			name = Release;
		};
		367425742C12033900E122C9 /* Debug */ = {
			isa = XCBuildConfiguration;
			buildSettings = {
				ASSETCATALOG_COMPILER_APPICON_NAME = AppIcon;
				ASSETCATALOG_COMPILER_GLOBAL_ACCENT_COLOR_NAME = AccentColor;
				CODE_SIGN_STYLE = Automatic;
				CURRENT_PROJECT_VERSION = 1;
				DEVELOPMENT_TEAM = U24ZACT97M;
				GENERATE_INFOPLIST_FILE = YES;
				INFOPLIST_FILE = TalkTravel/Info.plist;
				INFOPLIST_KEY_UIApplicationSupportsIndirectInputEvents = YES;
				INFOPLIST_KEY_UILaunchStoryboardName = LaunchScreen;
				INFOPLIST_KEY_UISupportedInterfaceOrientations_iPad = "UIInterfaceOrientationPortrait UIInterfaceOrientationPortraitUpsideDown UIInterfaceOrientationLandscapeLeft UIInterfaceOrientationLandscapeRight";
				INFOPLIST_KEY_UISupportedInterfaceOrientations_iPhone = "UIInterfaceOrientationPortrait UIInterfaceOrientationLandscapeLeft UIInterfaceOrientationLandscapeRight";
				LD_RUNPATH_SEARCH_PATHS = (
					"$(inherited)",
					"@executable_path/Frameworks",
				);
				MARKETING_VERSION = 1.0;
				PRODUCT_BUNDLE_IDENTIFIER = ikbum.TalkTravel;
				PRODUCT_NAME = "$(TARGET_NAME)";
				SUPPORTED_PLATFORMS = "iphoneos iphonesimulator";
				SUPPORTS_MACCATALYST = NO;
				SUPPORTS_XR_DESIGNED_FOR_IPHONE_IPAD = NO;
				SWIFT_EMIT_LOC_STRINGS = YES;
				SWIFT_VERSION = 5.0;
				TARGETED_DEVICE_FAMILY = 1;
			};
			name = Debug;
		};
		367425752C12033900E122C9 /* Release */ = {
			isa = XCBuildConfiguration;
			buildSettings = {
				ASSETCATALOG_COMPILER_APPICON_NAME = AppIcon;
				ASSETCATALOG_COMPILER_GLOBAL_ACCENT_COLOR_NAME = AccentColor;
				CODE_SIGN_STYLE = Automatic;
				CURRENT_PROJECT_VERSION = 1;
				DEVELOPMENT_TEAM = U24ZACT97M;
				GENERATE_INFOPLIST_FILE = YES;
				INFOPLIST_FILE = TalkTravel/Info.plist;
				INFOPLIST_KEY_UIApplicationSupportsIndirectInputEvents = YES;
				INFOPLIST_KEY_UILaunchStoryboardName = LaunchScreen;
				INFOPLIST_KEY_UISupportedInterfaceOrientations_iPad = "UIInterfaceOrientationPortrait UIInterfaceOrientationPortraitUpsideDown UIInterfaceOrientationLandscapeLeft UIInterfaceOrientationLandscapeRight";
				INFOPLIST_KEY_UISupportedInterfaceOrientations_iPhone = "UIInterfaceOrientationPortrait UIInterfaceOrientationLandscapeLeft UIInterfaceOrientationLandscapeRight";
				LD_RUNPATH_SEARCH_PATHS = (
					"$(inherited)",
					"@executable_path/Frameworks",
				);
				MARKETING_VERSION = 1.0;
				PRODUCT_BUNDLE_IDENTIFIER = ikbum.TalkTravel;
				PRODUCT_NAME = "$(TARGET_NAME)";
				SUPPORTED_PLATFORMS = "iphoneos iphonesimulator";
				SUPPORTS_MACCATALYST = NO;
				SUPPORTS_XR_DESIGNED_FOR_IPHONE_IPAD = NO;
				SWIFT_EMIT_LOC_STRINGS = YES;
				SWIFT_VERSION = 5.0;
				TARGETED_DEVICE_FAMILY = 1;
			};
			name = Release;
		};
/* End XCBuildConfiguration section */

/* Begin XCConfigurationList section */
		3674255A2C12033600E122C9 /* Build configuration list for PBXProject "TalkTravel" */ = {
			isa = XCConfigurationList;
			buildConfigurations = (
				367425712C12033900E122C9 /* Debug */,
				367425722C12033900E122C9 /* Release */,
			);
			defaultConfigurationIsVisible = 0;
			defaultConfigurationName = Release;
		};
		367425732C12033900E122C9 /* Build configuration list for PBXNativeTarget "TalkTravel" */ = {
			isa = XCConfigurationList;
			buildConfigurations = (
				367425742C12033900E122C9 /* Debug */,
				367425752C12033900E122C9 /* Release */,
			);
			defaultConfigurationIsVisible = 0;
			defaultConfigurationName = Release;
		};
/* End XCConfigurationList section */

/* Begin XCRemoteSwiftPackageReference section */
		367425BD2C12249300E122C9 /* XCRemoteSwiftPackageReference "SnapKit" */ = {
			isa = XCRemoteSwiftPackageReference;
			repositoryURL = "https://github.com/SnapKit/SnapKit";
			requirement = {
				kind = upToNextMajorVersion;
				minimumVersion = 5.7.1;
			};
		};
		367425C22C12249B00E122C9 /* XCRemoteSwiftPackageReference "Then" */ = {
			isa = XCRemoteSwiftPackageReference;
			repositoryURL = "https://github.com/devxoul/Then";
			requirement = {
				kind = upToNextMajorVersion;
				minimumVersion = 3.0.0;
			};
		};
		367425C52C1224B500E122C9 /* XCRemoteSwiftPackageReference "Kingfisher" */ = {
			isa = XCRemoteSwiftPackageReference;
			repositoryURL = "https://github.com/onevcat/Kingfisher";
			requirement = {
				kind = upToNextMajorVersion;
				minimumVersion = 7.11.0;
			};
		};
		367425C82C12250400E122C9 /* XCRemoteSwiftPackageReference "RxSwift" */ = {
			isa = XCRemoteSwiftPackageReference;
			repositoryURL = "https://github.com/ReactiveX/RxSwift";
			requirement = {
				kind = upToNextMajorVersion;
				minimumVersion = 6.7.1;
			};
		};
/* End XCRemoteSwiftPackageReference section */

/* Begin XCSwiftPackageProductDependency section */
		367425BE2C12249300E122C9 /* SnapKit */ = {
			isa = XCSwiftPackageProductDependency;
			package = 367425BD2C12249300E122C9 /* XCRemoteSwiftPackageReference "SnapKit" */;
			productName = SnapKit;
		};
		367425C32C12249B00E122C9 /* Then */ = {
			isa = XCSwiftPackageProductDependency;
			package = 367425C22C12249B00E122C9 /* XCRemoteSwiftPackageReference "Then" */;
			productName = Then;
		};
		367425C62C1224B500E122C9 /* Kingfisher */ = {
			isa = XCSwiftPackageProductDependency;
			package = 367425C52C1224B500E122C9 /* XCRemoteSwiftPackageReference "Kingfisher" */;
			productName = Kingfisher;
		};
		367425CA2C12251E00E122C9 /* RxBlocking */ = {
			isa = XCSwiftPackageProductDependency;
			package = 367425C82C12250400E122C9 /* XCRemoteSwiftPackageReference "RxSwift" */;
			productName = RxBlocking;
		};
		367425CC2C12251E00E122C9 /* RxCocoa */ = {
			isa = XCSwiftPackageProductDependency;
			package = 367425C82C12250400E122C9 /* XCRemoteSwiftPackageReference "RxSwift" */;
			productName = RxCocoa;
		};
		367425CE2C12251E00E122C9 /* RxRelay */ = {
			isa = XCSwiftPackageProductDependency;
			package = 367425C82C12250400E122C9 /* XCRemoteSwiftPackageReference "RxSwift" */;
			productName = RxRelay;
		};
		367425D02C12251E00E122C9 /* RxSwift */ = {
			isa = XCSwiftPackageProductDependency;
			package = 367425C82C12250400E122C9 /* XCRemoteSwiftPackageReference "RxSwift" */;
			productName = RxSwift;
		};
/* End XCSwiftPackageProductDependency section */
	};
	rootObject = 367425572C12033600E122C9 /* Project object */;
}
